// !$*UTF8*$!
{
	archiveVersion = 1;
	classes = {
	};
	objectVersion = 55;
	objects = {

/* Begin PBXBuildFile section */
		30DB5DA2D51B8026C3968EE7 /* Pods_Starwars_SwiftUI.framework in Frameworks */ = {isa = PBXBuildFile; fileRef = 7F84C9F3D6ABA4F57B59A125 /* Pods_Starwars_SwiftUI.framework */; };
		9D4903FD29487F5800F03E41 /* StarwarsCharacterViewModel.swift in Sources */ = {isa = PBXBuildFile; fileRef = 9D4903FC29487F5800F03E41 /* StarwarsCharacterViewModel.swift */; };
		9D9BF014294861C800EA1D96 /* Starwars_SwiftUIApp.swift in Sources */ = {isa = PBXBuildFile; fileRef = 9D9BF013294861C800EA1D96 /* Starwars_SwiftUIApp.swift */; };
		9D9BF016294861C800EA1D96 /* StarwarsCharacterView.swift in Sources */ = {isa = PBXBuildFile; fileRef = 9D9BF015294861C800EA1D96 /* StarwarsCharacterView.swift */; };
		9D9BF018294861C900EA1D96 /* Assets.xcassets in Resources */ = {isa = PBXBuildFile; fileRef = 9D9BF017294861C900EA1D96 /* Assets.xcassets */; };
		9D9BF01B294861C900EA1D96 /* Preview Assets.xcassets in Resources */ = {isa = PBXBuildFile; fileRef = 9D9BF01A294861C900EA1D96 /* Preview Assets.xcassets */; };
		9DC949F52948801F001478E2 /* StarwarsCharacter.swift in Sources */ = {isa = PBXBuildFile; fileRef = 9DC949F42948801F001478E2 /* StarwarsCharacter.swift */; };
/* End PBXBuildFile section */

/* Begin PBXFileReference section */
		6D570FCCF0E7739957B11850 /* Pods-Starwars SwiftUI.release.xcconfig */ = {isa = PBXFileReference; includeInIndex = 1; lastKnownFileType = text.xcconfig; name = "Pods-Starwars SwiftUI.release.xcconfig"; path = "Target Support Files/Pods-Starwars SwiftUI/Pods-Starwars SwiftUI.release.xcconfig"; sourceTree = "<group>"; };
		7F84C9F3D6ABA4F57B59A125 /* Pods_Starwars_SwiftUI.framework */ = {isa = PBXFileReference; explicitFileType = wrapper.framework; includeInIndex = 0; path = Pods_Starwars_SwiftUI.framework; sourceTree = BUILT_PRODUCTS_DIR; };
		9D4903FC29487F5800F03E41 /* StarwarsCharacterViewModel.swift */ = {isa = PBXFileReference; lastKnownFileType = sourcecode.swift; path = StarwarsCharacterViewModel.swift; sourceTree = "<group>"; };
		9D9BF010294861C800EA1D96 /* Starwars SwiftUI.app */ = {isa = PBXFileReference; explicitFileType = wrapper.application; includeInIndex = 0; path = "Starwars SwiftUI.app"; sourceTree = BUILT_PRODUCTS_DIR; };
		9D9BF013294861C800EA1D96 /* Starwars_SwiftUIApp.swift */ = {isa = PBXFileReference; lastKnownFileType = sourcecode.swift; path = Starwars_SwiftUIApp.swift; sourceTree = "<group>"; };
		9D9BF015294861C800EA1D96 /* StarwarsCharacterView.swift */ = {isa = PBXFileReference; lastKnownFileType = sourcecode.swift; path = StarwarsCharacterView.swift; sourceTree = "<group>"; };
		9D9BF017294861C900EA1D96 /* Assets.xcassets */ = {isa = PBXFileReference; lastKnownFileType = folder.assetcatalog; path = Assets.xcassets; sourceTree = "<group>"; };
		9D9BF01A294861C900EA1D96 /* Preview Assets.xcassets */ = {isa = PBXFileReference; lastKnownFileType = folder.assetcatalog; path = "Preview Assets.xcassets"; sourceTree = "<group>"; };
		9DC949F42948801F001478E2 /* StarwarsCharacter.swift */ = {isa = PBXFileReference; lastKnownFileType = sourcecode.swift; path = StarwarsCharacter.swift; sourceTree = "<group>"; };
		DB0DF6988B22AEA64CBAAD1A /* Pods-Starwars SwiftUI.debug.xcconfig */ = {isa = PBXFileReference; includeInIndex = 1; lastKnownFileType = text.xcconfig; name = "Pods-Starwars SwiftUI.debug.xcconfig"; path = "Target Support Files/Pods-Starwars SwiftUI/Pods-Starwars SwiftUI.debug.xcconfig"; sourceTree = "<group>"; };
/* End PBXFileReference section */

/* Begin PBXFrameworksBuildPhase section */
		9D9BF00D294861C800EA1D96 /* Frameworks */ = {
			isa = PBXFrameworksBuildPhase;
			buildActionMask = 2147483647;
			files = (
				30DB5DA2D51B8026C3968EE7 /* Pods_Starwars_SwiftUI.framework in Frameworks */,
			);
			runOnlyForDeploymentPostprocessing = 0;
		};
/* End PBXFrameworksBuildPhase section */

/* Begin PBXGroup section */
		26322154DE1CBD4F6F22F438 /* Pods */ = {
			isa = PBXGroup;
			children = (
				DB0DF6988B22AEA64CBAAD1A /* Pods-Starwars SwiftUI.debug.xcconfig */,
				6D570FCCF0E7739957B11850 /* Pods-Starwars SwiftUI.release.xcconfig */,
			);
			path = Pods;
			sourceTree = "<group>";
		};
		9D9BF007294861C800EA1D96 = {
			isa = PBXGroup;
			children = (
				9D9BF012294861C800EA1D96 /* Starwars SwiftUI */,
				9D9BF011294861C800EA1D96 /* Products */,
				26322154DE1CBD4F6F22F438 /* Pods */,
				FD8DC201AD87E7097633407F /* Frameworks */,
			);
			sourceTree = "<group>";
		};
		9D9BF011294861C800EA1D96 /* Products */ = {
			isa = PBXGroup;
			children = (
				9D9BF010294861C800EA1D96 /* Starwars SwiftUI.app */,
			);
			name = Products;
			sourceTree = "<group>";
		};
		9D9BF012294861C800EA1D96 /* Starwars SwiftUI */ = {
			isa = PBXGroup;
			children = (
				9DC949F329487FCD001478E2 /* Model */,
				9D4903FC29487F5800F03E41 /* StarwarsCharacterViewModel.swift */,
				9D9BF013294861C800EA1D96 /* Starwars_SwiftUIApp.swift */,
				9D9BF015294861C800EA1D96 /* StarwarsCharacterView.swift */,
				9D9BF017294861C900EA1D96 /* Assets.xcassets */,
				9D9BF019294861C900EA1D96 /* Preview Content */,
			);
			path = "Starwars SwiftUI";
			sourceTree = "<group>";
		};
		9D9BF019294861C900EA1D96 /* Preview Content */ = {
			isa = PBXGroup;
			children = (
				9D9BF01A294861C900EA1D96 /* Preview Assets.xcassets */,
			);
			path = "Preview Content";
			sourceTree = "<group>";
		};
		9DC949F329487FCD001478E2 /* Model */ = {
			isa = PBXGroup;
			children = (
				9DC949F42948801F001478E2 /* StarwarsCharacter.swift */,
			);
			path = Model;
			sourceTree = "<group>";
		};
		FD8DC201AD87E7097633407F /* Frameworks */ = {
			isa = PBXGroup;
			children = (
				7F84C9F3D6ABA4F57B59A125 /* Pods_Starwars_SwiftUI.framework */,
			);
			name = Frameworks;
			sourceTree = "<group>";
		};
/* End PBXGroup section */

/* Begin PBXNativeTarget section */
		9D9BF00F294861C800EA1D96 /* Starwars SwiftUI */ = {
			isa = PBXNativeTarget;
			buildConfigurationList = 9D9BF01E294861C900EA1D96 /* Build configuration list for PBXNativeTarget "Starwars SwiftUI" */;
			buildPhases = (
				29373A14664CE78660BC89C7 /* [CP] Check Pods Manifest.lock */,
				9D9BF00C294861C800EA1D96 /* Sources */,
				9D9BF00D294861C800EA1D96 /* Frameworks */,
				9D9BF00E294861C800EA1D96 /* Resources */,
				CDA2D043747E435B28FB05FF /* [CP] Embed Pods Frameworks */,
			);
			buildRules = (
			);
			dependencies = (
			);
			name = "Starwars SwiftUI";
			productName = "Starwars SwiftUI";
			productReference = 9D9BF010294861C800EA1D96 /* Starwars SwiftUI.app */;
			productType = "com.apple.product-type.application";
		};
/* End PBXNativeTarget section */

/* Begin PBXProject section */
		9D9BF008294861C800EA1D96 /* Project object */ = {
			isa = PBXProject;
			attributes = {
				BuildIndependentTargetsInParallel = 1;
				LastSwiftUpdateCheck = 1330;
				LastUpgradeCheck = 1330;
				TargetAttributes = {
					9D9BF00F294861C800EA1D96 = {
						CreatedOnToolsVersion = 13.3.1;
					};
				};
			};
			buildConfigurationList = 9D9BF00B294861C800EA1D96 /* Build configuration list for PBXProject "Starwars SwiftUI" */;
			compatibilityVersion = "Xcode 13.0";
			developmentRegion = en;
			hasScannedForEncodings = 0;
			knownRegions = (
				en,
				Base,
			);
			mainGroup = 9D9BF007294861C800EA1D96;
			productRefGroup = 9D9BF011294861C800EA1D96 /* Products */;
			projectDirPath = "";
			projectRoot = "";
			targets = (
				9D9BF00F294861C800EA1D96 /* Starwars SwiftUI */,
			);
		};
/* End PBXProject section */

/* Begin PBXResourcesBuildPhase section */
		9D9BF00E294861C800EA1D96 /* Resources */ = {
			isa = PBXResourcesBuildPhase;
			buildActionMask = 2147483647;
			files = (
				9D9BF01B294861C900EA1D96 /* Preview Assets.xcassets in Resources */,
				9D9BF018294861C900EA1D96 /* Assets.xcassets in Resources */,
			);
			runOnlyForDeploymentPostprocessing = 0;
		};
/* End PBXResourcesBuildPhase section */

/* Begin PBXShellScriptBuildPhase section */
		29373A14664CE78660BC89C7 /* [CP] Check Pods Manifest.lock */ = {
			isa = PBXShellScriptBuildPhase;
			buildActionMask = 2147483647;
			files = (
			);
			inputFileListPaths = (
			);
			inputPaths = (
				"${PODS_PODFILE_DIR_PATH}/Podfile.lock",
				"${PODS_ROOT}/Manifest.lock",
			);
			name = "[CP] Check Pods Manifest.lock";
			outputFileListPaths = (
			);
			outputPaths = (
				"$(DERIVED_FILE_DIR)/Pods-Starwars SwiftUI-checkManifestLockResult.txt",
			);
			runOnlyForDeploymentPostprocessing = 0;
			shellPath = /bin/sh;
			shellScript = "diff \"${PODS_PODFILE_DIR_PATH}/Podfile.lock\" \"${PODS_ROOT}/Manifest.lock\" > /dev/null\nif [ $? != 0 ] ; then\n    # print error to STDERR\n    echo \"error: The sandbox is not in sync with the Podfile.lock. Run 'pod install' or update your CocoaPods installation.\" >&2\n    exit 1\nfi\n# This output is used by Xcode 'outputs' to avoid re-running this script phase.\necho \"SUCCESS\" > \"${SCRIPT_OUTPUT_FILE_0}\"\n";
			showEnvVarsInLog = 0;
		};
		CDA2D043747E435B28FB05FF /* [CP] Embed Pods Frameworks */ = {
			isa = PBXShellScriptBuildPhase;
			buildActionMask = 2147483647;
			files = (
			);
			inputFileListPaths = (
				"${PODS_ROOT}/Target Support Files/Pods-Starwars SwiftUI/Pods-Starwars SwiftUI-frameworks-${CONFIGURATION}-input-files.xcfilelist",
			);
			name = "[CP] Embed Pods Frameworks";
			outputFileListPaths = (
				"${PODS_ROOT}/Target Support Files/Pods-Starwars SwiftUI/Pods-Starwars SwiftUI-frameworks-${CONFIGURATION}-output-files.xcfilelist",
			);
			runOnlyForDeploymentPostprocessing = 0;
			shellPath = /bin/sh;
			shellScript = "\"${PODS_ROOT}/Target Support Files/Pods-Starwars SwiftUI/Pods-Starwars SwiftUI-frameworks.sh\"\n";
			showEnvVarsInLog = 0;
		};
/* End PBXShellScriptBuildPhase section */

/* Begin PBXSourcesBuildPhase section */
		9D9BF00C294861C800EA1D96 /* Sources */ = {
			isa = PBXSourcesBuildPhase;
			buildActionMask = 2147483647;
			files = (
				9D9BF016294861C800EA1D96 /* StarwarsCharacterView.swift in Sources */,
				9D4903FD29487F5800F03E41 /* StarwarsCharacterViewModel.swift in Sources */,
				9DC949F52948801F001478E2 /* StarwarsCharacter.swift in Sources */,
				9D9BF014294861C800EA1D96 /* Starwars_SwiftUIApp.swift in Sources */,
			);
			runOnlyForDeploymentPostprocessing = 0;
		};
/* End PBXSourcesBuildPhase section */

/* Begin XCBuildConfiguration section */
		9D9BF01C294861C900EA1D96 /* Debug */ = {
			isa = XCBuildConfiguration;
			buildSettings = {
				ALWAYS_SEARCH_USER_PATHS = NO;
				CLANG_ANALYZER_NONNULL = YES;
				CLANG_ANALYZER_NUMBER_OBJECT_CONVERSION = YES_AGGRESSIVE;
				CLANG_CXX_LANGUAGE_STANDARD = "gnu++17";
				CLANG_ENABLE_MODULES = YES;
				CLANG_ENABLE_OBJC_ARC = YES;
				CLANG_ENABLE_OBJC_WEAK = YES;
				CLANG_WARN_BLOCK_CAPTURE_AUTORELEASING = YES;
				CLANG_WARN_BOOL_CONVERSION = YES;
				CLANG_WARN_COMMA = YES;
				CLANG_WARN_CONSTANT_CONVERSION = YES;
				CLANG_WARN_DEPRECATED_OBJC_IMPLEMENTATIONS = YES;
				CLANG_WARN_DIRECT_OBJC_ISA_USAGE = YES_ERROR;
				CLANG_WARN_DOCUMENTATION_COMMENTS = YES;
				CLANG_WARN_EMPTY_BODY = YES;
				CLANG_WARN_ENUM_CONVERSION = YES;
				CLANG_WARN_INFINITE_RECURSION = YES;
				CLANG_WARN_INT_CONVERSION = YES;
				CLANG_WARN_NON_LITERAL_NULL_CONVERSION = YES;
				CLANG_WARN_OBJC_IMPLICIT_RETAIN_SELF = YES;
				CLANG_WARN_OBJC_LITERAL_CONVERSION = YES;
				CLANG_WARN_OBJC_ROOT_CLASS = YES_ERROR;
				CLANG_WARN_QUOTED_INCLUDE_IN_FRAMEWORK_HEADER = YES;
				CLANG_WARN_RANGE_LOOP_ANALYSIS = YES;
				CLANG_WARN_STRICT_PROTOTYPES = YES;
				CLANG_WARN_SUSPICIOUS_MOVE = YES;
				CLANG_WARN_UNGUARDED_AVAILABILITY = YES_AGGRESSIVE;
				CLANG_WARN_UNREACHABLE_CODE = YES;
				CLANG_WARN__DUPLICATE_METHOD_MATCH = YES;
				COPY_PHASE_STRIP = NO;
				DEBUG_INFORMATION_FORMAT = dwarf;
				ENABLE_STRICT_OBJC_MSGSEND = YES;
				ENABLE_TESTABILITY = YES;
				GCC_C_LANGUAGE_STANDARD = gnu11;
				GCC_DYNAMIC_NO_PIC = NO;
				GCC_NO_COMMON_BLOCKS = YES;
				GCC_OPTIMIZATION_LEVEL = 0;
				GCC_PREPROCESSOR_DEFINITIONS = (
					"DEBUG=1",
					"$(inherited)",
				);
				GCC_WARN_64_TO_32_BIT_CONVERSION = YES;
				GCC_WARN_ABOUT_RETURN_TYPE = YES_ERROR;
				GCC_WARN_UNDECLARED_SELECTOR = YES;
				GCC_WARN_UNINITIALIZED_AUTOS = YES_AGGRESSIVE;
				GCC_WARN_UNUSED_FUNCTION = YES;
				GCC_WARN_UNUSED_VARIABLE = YES;
				IPHONEOS_DEPLOYMENT_TARGET = 15.4;
				MTL_ENABLE_DEBUG_INFO = INCLUDE_SOURCE;
				MTL_FAST_MATH = YES;
				ONLY_ACTIVE_ARCH = YES;
				SDKROOT = iphoneos;
				SWIFT_ACTIVE_COMPILATION_CONDITIONS = DEBUG;
				SWIFT_OPTIMIZATION_LEVEL = "-Onone";
			};
			name = Debug;
		};
		9D9BF01D294861C900EA1D96 /* Release */ = {
			isa = XCBuildConfiguration;
			buildSettings = {
				ALWAYS_SEARCH_USER_PATHS = NO;
				CLANG_ANALYZER_NONNULL = YES;
				CLANG_ANALYZER_NUMBER_OBJECT_CONVERSION = YES_AGGRESSIVE;
				CLANG_CXX_LANGUAGE_STANDARD = "gnu++17";
				CLANG_ENABLE_MODULES = YES;
				CLANG_ENABLE_OBJC_ARC = YES;
				CLANG_ENABLE_OBJC_WEAK = YES;
				CLANG_WARN_BLOCK_CAPTURE_AUTORELEASING = YES;
				CLANG_WARN_BOOL_CONVERSION = YES;
				CLANG_WARN_COMMA = YES;
				CLANG_WARN_CONSTANT_CONVERSION = YES;
				CLANG_WARN_DEPRECATED_OBJC_IMPLEMENTATIONS = YES;
				CLANG_WARN_DIRECT_OBJC_ISA_USAGE = YES_ERROR;
				CLANG_WARN_DOCUMENTATION_COMMENTS = YES;
				CLANG_WARN_EMPTY_BODY = YES;
				CLANG_WARN_ENUM_CONVERSION = YES;
				CLANG_WARN_INFINITE_RECURSION = YES;
				CLANG_WARN_INT_CONVERSION = YES;
				CLANG_WARN_NON_LITERAL_NULL_CONVERSION = YES;
				CLANG_WARN_OBJC_IMPLICIT_RETAIN_SELF = YES;
				CLANG_WARN_OBJC_LITERAL_CONVERSION = YES;
				CLANG_WARN_OBJC_ROOT_CLASS = YES_ERROR;
				CLANG_WARN_QUOTED_INCLUDE_IN_FRAMEWORK_HEADER = YES;
				CLANG_WARN_RANGE_LOOP_ANALYSIS = YES;
				CLANG_WARN_STRICT_PROTOTYPES = YES;
				CLANG_WARN_SUSPICIOUS_MOVE = YES;
				CLANG_WARN_UNGUARDED_AVAILABILITY = YES_AGGRESSIVE;
				CLANG_WARN_UNREACHABLE_CODE = YES;
				CLANG_WARN__DUPLICATE_METHOD_MATCH = YES;
				COPY_PHASE_STRIP = NO;
				DEBUG_INFORMATION_FORMAT = "dwarf-with-dsym";
				ENABLE_NS_ASSERTIONS = NO;
				ENABLE_STRICT_OBJC_MSGSEND = YES;
				GCC_C_LANGUAGE_STANDARD = gnu11;
				GCC_NO_COMMON_BLOCKS = YES;
				GCC_WARN_64_TO_32_BIT_CONVERSION = YES;
				GCC_WARN_ABOUT_RETURN_TYPE = YES_ERROR;
				GCC_WARN_UNDECLARED_SELECTOR = YES;
				GCC_WARN_UNINITIALIZED_AUTOS = YES_AGGRESSIVE;
				GCC_WARN_UNUSED_FUNCTION = YES;
				GCC_WARN_UNUSED_VARIABLE = YES;
				IPHONEOS_DEPLOYMENT_TARGET = 15.4;
				MTL_ENABLE_DEBUG_INFO = NO;
				MTL_FAST_MATH = YES;
				SDKROOT = iphoneos;
				SWIFT_COMPILATION_MODE = wholemodule;
				SWIFT_OPTIMIZATION_LEVEL = "-O";
				VALIDATE_PRODUCT = YES;
			};
			name = Release;
		};
		9D9BF01F294861C900EA1D96 /* Debug */ = {
			isa = XCBuildConfiguration;
			baseConfigurationReference = DB0DF6988B22AEA64CBAAD1A /* Pods-Starwars SwiftUI.debug.xcconfig */;
			buildSettings = {
				ASSETCATALOG_COMPILER_APPICON_NAME = AppIcon;
				ASSETCATALOG_COMPILER_GLOBAL_ACCENT_COLOR_NAME = AccentColor;
				CODE_SIGN_STYLE = Automatic;
				CURRENT_PROJECT_VERSION = 1;
				DEVELOPMENT_ASSET_PATHS = "\"Starwars SwiftUI/Preview Content\"";
				DEVELOPMENT_TEAM = W3T52TT3BY;
				ENABLE_PREVIEWS = YES;
				GENERATE_INFOPLIST_FILE = YES;
				INFOPLIST_KEY_UIApplicationSceneManifest_Generation = YES;
				INFOPLIST_KEY_UIApplicationSupportsIndirectInputEvents = YES;
				INFOPLIST_KEY_UILaunchScreen_Generation = YES;
				INFOPLIST_KEY_UISupportedInterfaceOrientations_iPad = "UIInterfaceOrientationPortrait UIInterfaceOrientationPortraitUpsideDown UIInterfaceOrientationLandscapeLeft UIInterfaceOrientationLandscapeRight";
				INFOPLIST_KEY_UISupportedInterfaceOrientations_iPhone = "UIInterfaceOrientationPortrait UIInterfaceOrientationLandscapeLeft UIInterfaceOrientationLandscapeRight";
				LD_RUNPATH_SEARCH_PATHS = (
					"$(inherited)",
					"@executable_path/Frameworks",
				);
				MARKETING_VERSION = 1.0;
				PRODUCT_BUNDLE_IDENTIFIER = "Schmehrsahl.Starwars-SwiftUI";
				PRODUCT_NAME = "$(TARGET_NAME)";
				SWIFT_EMIT_LOC_STRINGS = YES;
				SWIFT_VERSION = 5.0;
				TARGETED_DEVICE_FAMILY = "1,2";
			};
			name = Debug;
		};
		9D9BF020294861C900EA1D96 /* Release */ = {
			isa = XCBuildConfiguration;
			baseConfigurationReference = 6D570FCCF0E7739957B11850 /* Pods-Starwars SwiftUI.release.xcconfig */;
			buildSettings = {
				ASSETCATALOG_COMPILER_APPICON_NAME = AppIcon;
				ASSETCATALOG_COMPILER_GLOBAL_ACCENT_COLOR_NAME = AccentColor;
				CODE_SIGN_STYLE = Automatic;
				CURRENT_PROJECT_VERSION = 1;
				DEVELOPMENT_ASSET_PATHS = "\"Starwars SwiftUI/Preview Content\"";
				DEVELOPMENT_TEAM = W3T52TT3BY;
				ENABLE_PREVIEWS = YES;
				GENERATE_INFOPLIST_FILE = YES;
				INFOPLIST_KEY_UIApplicationSceneManifest_Generation = YES;
				INFOPLIST_KEY_UIApplicationSupportsIndirectInputEvents = YES;
				INFOPLIST_KEY_UILaunchScreen_Generation = YES;
				INFOPLIST_KEY_UISupportedInterfaceOrientations_iPad = "UIInterfaceOrientationPortrait UIInterfaceOrientationPortraitUpsideDown UIInterfaceOrientationLandscapeLeft UIInterfaceOrientationLandscapeRight";
				INFOPLIST_KEY_UISupportedInterfaceOrientations_iPhone = "UIInterfaceOrientationPortrait UIInterfaceOrientationLandscapeLeft UIInterfaceOrientationLandscapeRight";
				LD_RUNPATH_SEARCH_PATHS = (
					"$(inherited)",
					"@executable_path/Frameworks",
				);
				MARKETING_VERSION = 1.0;
				PRODUCT_BUNDLE_IDENTIFIER = "Schmehrsahl.Starwars-SwiftUI";
				PRODUCT_NAME = "$(TARGET_NAME)";
				SWIFT_EMIT_LOC_STRINGS = YES;
				SWIFT_VERSION = 5.0;
				TARGETED_DEVICE_FAMILY = "1,2";
			};
			name = Release;
		};
/* End XCBuildConfiguration section */

/* Begin XCConfigurationList section */
		9D9BF00B294861C800EA1D96 /* Build configuration list for PBXProject "Starwars SwiftUI" */ = {
			isa = XCConfigurationList;
			buildConfigurations = (
				9D9BF01C294861C900EA1D96 /* Debug */,
				9D9BF01D294861C900EA1D96 /* Release */,
			);
			defaultConfigurationIsVisible = 0;
			defaultConfigurationName = Release;
		};
		9D9BF01E294861C900EA1D96 /* Build configuration list for PBXNativeTarget "Starwars SwiftUI" */ = {
			isa = XCConfigurationList;
			buildConfigurations = (
				9D9BF01F294861C900EA1D96 /* Debug */,
				9D9BF020294861C900EA1D96 /* Release */,
			);
			defaultConfigurationIsVisible = 0;
			defaultConfigurationName = Release;
		};
/* End XCConfigurationList section */
	};
	rootObject = 9D9BF008294861C800EA1D96 /* Project object */;
}
